
Microsoft Visual Studio Solution File, Format Version 12.00
# Visual Studio 15
VisualStudioVersion = 15.0.28010.2050
MinimumVisualStudioVersion = 10.0.40219.1
Project("{2150E333-8FDC-42A3-9474-1A3956D46DE8}") = "src", "src", "{6F3BB8C5-4F25-4792-A188-4A87882BC853}"
EndProject
Project("{2150E333-8FDC-42A3-9474-1A3956D46DE8}") = "test", "test", "{EFCE5065-8206-4823-9F71-3E17D74F8EDE}"
EndProject
Project("{2150E333-8FDC-42A3-9474-1A3956D46DE8}") = "samples", "samples", "{1D29D2C3-73DD-47B1-97CB-35E891238D4D}"
EndProject
Project("{9A19103F-16F7-4668-BE54-9A1E7A4F7556}") = "Topics.Protocols", "src\Topics.Protocols\Topics.Protocols.csproj", "{EA6846A9-404C-4AD0-8BC2-D2C32145EDE9}"
EndProject
Project("{9A19103F-16F7-4668-BE54-9A1E7A4F7556}") = "Topics.Server", "src\Topics.Server\Topics.Server.csproj", "{6F98CD66-D62F-485B-B347-E41C963863FE}"
EndProject
Project("{9A19103F-16F7-4668-BE54-9A1E7A4F7556}") = "TopicsClientConsole", "samples\TopicsClientConsole\TopicsClientConsole.csproj", "{9925AA64-7C64-4E9C-9C72-382CFD8B5ECE}"
EndProject
Project("{FAE04EC0-301F-11D3-BF4B-00C04F79EFBC}") = "Topics.Abstractions", "src\Topics.Abstractions\Topics.Abstractions.csproj", "{55E8CF35-FE44-4125-83CA-AE841DF0577F}"
EndProject
Project("{FAE04EC0-301F-11D3-BF4B-00C04F79EFBC}") = "Topics.Implementations", "src\Topics.Implementations\Topics.Implementations.csproj", "{4EF78E5E-03D4-4E90-8924-4500066BFF90}"
EndProject
Global
	GlobalSection(SolutionConfigurationPlatforms) = preSolution
		Debug|Any CPU = Debug|Any CPU
		Release|Any CPU = Release|Any CPU
	EndGlobalSection
	GlobalSection(ProjectConfigurationPlatforms) = postSolution
		{EA6846A9-404C-4AD0-8BC2-D2C32145EDE9}.Debug|Any CPU.ActiveCfg = Debug|Any CPU
		{EA6846A9-404C-4AD0-8BC2-D2C32145EDE9}.Debug|Any CPU.Build.0 = Debug|Any CPU
		{EA6846A9-404C-4AD0-8BC2-D2C32145EDE9}.Release|Any CPU.ActiveCfg = Release|Any CPU
		{EA6846A9-404C-4AD0-8BC2-D2C32145EDE9}.Release|Any CPU.Build.0 = Release|Any CPU
		{6F98CD66-D62F-485B-B347-E41C963863FE}.Debug|Any CPU.ActiveCfg = Debug|Any CPU
		{6F98CD66-D62F-485B-B347-E41C963863FE}.Debug|Any CPU.Build.0 = Debug|Any CPU
		{6F98CD66-D62F-485B-B347-E41C963863FE}.Release|Any CPU.ActiveCfg = Release|Any CPU
		{6F98CD66-D62F-485B-B347-E41C963863FE}.Release|Any CPU.Build.0 = Release|Any CPU
		{9925AA64-7C64-4E9C-9C72-382CFD8B5ECE}.Debug|Any CPU.ActiveCfg = Debug|Any CPU
		{9925AA64-7C64-4E9C-9C72-382CFD8B5ECE}.Debug|Any CPU.Build.0 = Debug|Any CPU
		{9925AA64-7C64-4E9C-9C72-382CFD8B5ECE}.Release|Any CPU.ActiveCfg = Release|Any CPU
		{9925AA64-7C64-4E9C-9C72-382CFD8B5ECE}.Release|Any CPU.Build.0 = Release|Any CPU
		{55E8CF35-FE44-4125-83CA-AE841DF0577F}.Debug|Any CPU.ActiveCfg = Debug|Any CPU
		{55E8CF35-FE44-4125-83CA-AE841DF0577F}.Debug|Any CPU.Build.0 = Debug|Any CPU
		{55E8CF35-FE44-4125-83CA-AE841DF0577F}.Release|Any CPU.ActiveCfg = Release|Any CPU
		{55E8CF35-FE44-4125-83CA-AE841DF0577F}.Release|Any CPU.Build.0 = Release|Any CPU
		{4EF78E5E-03D4-4E90-8924-4500066BFF90}.Debug|Any CPU.ActiveCfg = Debug|Any CPU
		{4EF78E5E-03D4-4E90-8924-4500066BFF90}.Debug|Any CPU.Build.0 = Debug|Any CPU
		{4EF78E5E-03D4-4E90-8924-4500066BFF90}.Release|Any CPU.ActiveCfg = Release|Any CPU
		{4EF78E5E-03D4-4E90-8924-4500066BFF90}.Release|Any CPU.Build.0 = Release|Any CPU
	EndGlobalSection
	GlobalSection(SolutionProperties) = preSolution
		HideSolutionNode = FALSE
	EndGlobalSection
	GlobalSection(NestedProjects) = preSolution
		{EA6846A9-404C-4AD0-8BC2-D2C32145EDE9} = {6F3BB8C5-4F25-4792-A188-4A87882BC853}
		{6F98CD66-D62F-485B-B347-E41C963863FE} = {6F3BB8C5-4F25-4792-A188-4A87882BC853}
		{9925AA64-7C64-4E9C-9C72-382CFD8B5ECE} = {1D29D2C3-73DD-47B1-97CB-35E891238D4D}
		{55E8CF35-FE44-4125-83CA-AE841DF0577F} = {6F3BB8C5-4F25-4792-A188-4A87882BC853}
		{4EF78E5E-03D4-4E90-8924-4500066BFF90} = {6F3BB8C5-4F25-4792-A188-4A87882BC853}
	EndGlobalSection
	GlobalSection(ExtensibilityGlobals) = postSolution
		SolutionGuid = {AF4583D0-1849-4B8D-82EC-64ACE24EE4A6}
	EndGlobalSection
EndGlobal
