
Microsoft Visual Studio Solution File, Format Version 12.00
# Visual Studio 15
VisualStudioVersion = 15.0.28010.2050
MinimumVisualStudioVersion = 10.0.40219.1
Project("{6EC3EE1D-3C4E-46DD-8F32-0CC8E7565705}") = "Core", "Core\Core.fsproj", "{A39873A2-C5B0-4918-ABF2-E1577F4825CD}"
EndProject
Project("{6EC3EE1D-3C4E-46DD-8F32-0CC8E7565705}") = "StanImpl", "StanImpl\StanImpl.fsproj", "{D20BF07B-EA07-4B40-B34D-EE4CE2B98251}"
EndProject
Project("{6EC3EE1D-3C4E-46DD-8F32-0CC8E7565705}") = "ConsoleTests", "ConsoleTests\ConsoleTests.fsproj", "{550F2203-292A-4A27-BF52-20E2295EA3C1}"
EndProject
Project("{6EC3EE1D-3C4E-46DD-8F32-0CC8E7565705}") = "NATS.Client.FSharp", "NATS.Client.FSharp\NATS.Client.FSharp.fsproj", "{2DF0A160-B2E9-4E43-B3C5-40ABBE810329}"
EndProject
Project("{6EC3EE1D-3C4E-46DD-8F32-0CC8E7565705}") = "STAN.Client.FSharp", "STAN.Client.FSharp\STAN.Client.FSharp.fsproj", "{A7005219-8E02-48C0-AFD3-8DA045837744}"
EndProject
Project("{6EC3EE1D-3C4E-46DD-8F32-0CC8E7565705}") = "MongoImpl", "MongoImpl\MongoImpl.fsproj", "{1207B957-03F9-438E-8BD0-EDB30FD939CE}"
EndProject
Project("{F2A71F9B-5D33-465A-A702-920D77279786}") = "SharpFunky", "SharpFunky\SharpFunky.fsproj", "{1779600E-DD76-4ECD-92F4-6AAFDE5A2796}"
EndProject
Project("{F2A71F9B-5D33-465A-A702-920D77279786}") = "SharpFunky.Abstractions", "SharpFunky.Abstractions\SharpFunky.Abstractions.fsproj", "{159FCBCD-872B-47D8-A79E-FC753E3FEEC7}"
EndProject
Project("{F2A71F9B-5D33-465A-A702-920D77279786}") = "SharpFunky.Mongo", "SharpFunky.Mongo\SharpFunky.Mongo.fsproj", "{2649D3E3-0FFC-45E2-BD2B-4DB81375890E}"
EndProject
Global
	GlobalSection(SolutionConfigurationPlatforms) = preSolution
		Debug|Any CPU = Debug|Any CPU
		Release|Any CPU = Release|Any CPU
	EndGlobalSection
	GlobalSection(ProjectConfigurationPlatforms) = postSolution
		{A39873A2-C5B0-4918-ABF2-E1577F4825CD}.Debug|Any CPU.ActiveCfg = Debug|Any CPU
		{A39873A2-C5B0-4918-ABF2-E1577F4825CD}.Debug|Any CPU.Build.0 = Debug|Any CPU
		{A39873A2-C5B0-4918-ABF2-E1577F4825CD}.Release|Any CPU.ActiveCfg = Release|Any CPU
		{A39873A2-C5B0-4918-ABF2-E1577F4825CD}.Release|Any CPU.Build.0 = Release|Any CPU
		{D20BF07B-EA07-4B40-B34D-EE4CE2B98251}.Debug|Any CPU.ActiveCfg = Debug|Any CPU
		{D20BF07B-EA07-4B40-B34D-EE4CE2B98251}.Debug|Any CPU.Build.0 = Debug|Any CPU
		{D20BF07B-EA07-4B40-B34D-EE4CE2B98251}.Release|Any CPU.ActiveCfg = Release|Any CPU
		{D20BF07B-EA07-4B40-B34D-EE4CE2B98251}.Release|Any CPU.Build.0 = Release|Any CPU
		{550F2203-292A-4A27-BF52-20E2295EA3C1}.Debug|Any CPU.ActiveCfg = Debug|Any CPU
		{550F2203-292A-4A27-BF52-20E2295EA3C1}.Debug|Any CPU.Build.0 = Debug|Any CPU
		{550F2203-292A-4A27-BF52-20E2295EA3C1}.Release|Any CPU.ActiveCfg = Release|Any CPU
		{550F2203-292A-4A27-BF52-20E2295EA3C1}.Release|Any CPU.Build.0 = Release|Any CPU
		{2DF0A160-B2E9-4E43-B3C5-40ABBE810329}.Debug|Any CPU.ActiveCfg = Debug|Any CPU
		{2DF0A160-B2E9-4E43-B3C5-40ABBE810329}.Debug|Any CPU.Build.0 = Debug|Any CPU
		{2DF0A160-B2E9-4E43-B3C5-40ABBE810329}.Release|Any CPU.ActiveCfg = Release|Any CPU
		{2DF0A160-B2E9-4E43-B3C5-40ABBE810329}.Release|Any CPU.Build.0 = Release|Any CPU
		{A7005219-8E02-48C0-AFD3-8DA045837744}.Debug|Any CPU.ActiveCfg = Debug|Any CPU
		{A7005219-8E02-48C0-AFD3-8DA045837744}.Debug|Any CPU.Build.0 = Debug|Any CPU
		{A7005219-8E02-48C0-AFD3-8DA045837744}.Release|Any CPU.ActiveCfg = Release|Any CPU
		{A7005219-8E02-48C0-AFD3-8DA045837744}.Release|Any CPU.Build.0 = Release|Any CPU
		{1207B957-03F9-438E-8BD0-EDB30FD939CE}.Debug|Any CPU.ActiveCfg = Debug|Any CPU
		{1207B957-03F9-438E-8BD0-EDB30FD939CE}.Debug|Any CPU.Build.0 = Debug|Any CPU
		{1207B957-03F9-438E-8BD0-EDB30FD939CE}.Release|Any CPU.ActiveCfg = Release|Any CPU
		{1207B957-03F9-438E-8BD0-EDB30FD939CE}.Release|Any CPU.Build.0 = Release|Any CPU
		{1779600E-DD76-4ECD-92F4-6AAFDE5A2796}.Debug|Any CPU.ActiveCfg = Debug|Any CPU
		{1779600E-DD76-4ECD-92F4-6AAFDE5A2796}.Debug|Any CPU.Build.0 = Debug|Any CPU
		{1779600E-DD76-4ECD-92F4-6AAFDE5A2796}.Release|Any CPU.ActiveCfg = Release|Any CPU
		{1779600E-DD76-4ECD-92F4-6AAFDE5A2796}.Release|Any CPU.Build.0 = Release|Any CPU
		{159FCBCD-872B-47D8-A79E-FC753E3FEEC7}.Debug|Any CPU.ActiveCfg = Debug|Any CPU
		{159FCBCD-872B-47D8-A79E-FC753E3FEEC7}.Debug|Any CPU.Build.0 = Debug|Any CPU
		{159FCBCD-872B-47D8-A79E-FC753E3FEEC7}.Release|Any CPU.ActiveCfg = Release|Any CPU
		{159FCBCD-872B-47D8-A79E-FC753E3FEEC7}.Release|Any CPU.Build.0 = Release|Any CPU
		{2649D3E3-0FFC-45E2-BD2B-4DB81375890E}.Debug|Any CPU.ActiveCfg = Debug|Any CPU
		{2649D3E3-0FFC-45E2-BD2B-4DB81375890E}.Debug|Any CPU.Build.0 = Debug|Any CPU
		{2649D3E3-0FFC-45E2-BD2B-4DB81375890E}.Release|Any CPU.ActiveCfg = Release|Any CPU
		{2649D3E3-0FFC-45E2-BD2B-4DB81375890E}.Release|Any CPU.Build.0 = Release|Any CPU
	EndGlobalSection
	GlobalSection(SolutionProperties) = preSolution
		HideSolutionNode = FALSE
	EndGlobalSection
	GlobalSection(ExtensibilityGlobals) = postSolution
		SolutionGuid = {AF4583D0-1849-4B8D-82EC-64ACE24EE4A6}
	EndGlobalSection
EndGlobal
